
Microsoft Visual Studio Solution File, Format Version 12.00
# Visual Studio Version 17
VisualStudioVersion = 17.9.34622.214
MinimumVisualStudioVersion = 10.0.40219.1
Project("{9A19103F-16F7-4668-BE54-9A1E7A4F7556}") = "MLBNotificationService", "MLBNotificationService\MLBNotificationService.csproj", "{C86C2F24-16CE-4EEE-B48F-E11C0FF05859}"
EndProject
Global
	GlobalSection(SolutionConfigurationPlatforms) = preSolution
		Debug|Any CPU = Debug|Any CPU
		Release|Any CPU = Release|Any CPU
	EndGlobalSection
	GlobalSection(ProjectConfigurationPlatforms) = postSolution
		{C86C2F24-16CE-4EEE-B48F-E11C0FF05859}.Debug|Any CPU.ActiveCfg = Debug|Any CPU
		{C86C2F24-16CE-4EEE-B48F-E11C0FF05859}.Debug|Any CPU.Build.0 = Debug|Any CPU
		{C86C2F24-16CE-4EEE-B48F-E11C0FF05859}.Release|Any CPU.ActiveCfg = Release|Any CPU
		{C86C2F24-16CE-4EEE-B48F-E11C0FF05859}.Release|Any CPU.Build.0 = Release|Any CPU
	EndGlobalSection
	GlobalSection(SolutionProperties) = preSolution
		HideSolutionNode = FALSE
	EndGlobalSection
	GlobalSection(ExtensibilityGlobals) = postSolution
		SolutionGuid = {FA348B2C-6115-4D86-8E92-513D24248472}
	EndGlobalSection
EndGlobal
